
Microsoft Visual Studio Solution File, Format Version 12.00
# Visual Studio Version 16
VisualStudioVersion = 16.0.29728.190
MinimumVisualStudioVersion = 15.0.26124.0
Project("{9A19103F-16F7-4668-BE54-9A1E7A4F7556}") = "IdentityServer", "IdentityServer\IdentityServer.csproj", "{3A8C2F3C-EB5F-44AF-94C5-BD9A759AF4E3}"
EndProject
Project("{9A19103F-16F7-4668-BE54-9A1E7A4F7556}") = "JavaScriptClient", "JavaScriptClient\JavaScriptClient.csproj", "{73F48AE8-BA9C-4FF1-8811-B166B06CC30B}"
EndProject
Project("{9A19103F-16F7-4668-BE54-9A1E7A4F7556}") = "Api", "Api\Api.csproj", "{05B35D4B-B65E-4084-945B-21A5A74F480D}"
EndProject
Project("{9A19103F-16F7-4668-BE54-9A1E7A4F7556}") = "Client", "Client\Client.csproj", "{74EDE06F-1B01-4063-9C73-BA7D2E94C494}"
EndProject
Global
	GlobalSection(SolutionConfigurationPlatforms) = preSolution
		Debug|Any CPU = Debug|Any CPU
		Debug|x64 = Debug|x64
		Debug|x86 = Debug|x86
		Release|Any CPU = Release|Any CPU
		Release|x64 = Release|x64
		Release|x86 = Release|x86
	EndGlobalSection
	GlobalSection(ProjectConfigurationPlatforms) = postSolution
		{3A8C2F3C-EB5F-44AF-94C5-BD9A759AF4E3}.Debug|Any CPU.ActiveCfg = Debug|Any CPU
		{3A8C2F3C-EB5F-44AF-94C5-BD9A759AF4E3}.Debug|Any CPU.Build.0 = Debug|Any CPU
		{3A8C2F3C-EB5F-44AF-94C5-BD9A759AF4E3}.Debug|x64.ActiveCfg = Debug|Any CPU
		{3A8C2F3C-EB5F-44AF-94C5-BD9A759AF4E3}.Debug|x64.Build.0 = Debug|Any CPU
		{3A8C2F3C-EB5F-44AF-94C5-BD9A759AF4E3}.Debug|x86.ActiveCfg = Debug|Any CPU
		{3A8C2F3C-EB5F-44AF-94C5-BD9A759AF4E3}.Debug|x86.Build.0 = Debug|Any CPU
		{3A8C2F3C-EB5F-44AF-94C5-BD9A759AF4E3}.Release|Any CPU.ActiveCfg = Release|Any CPU
		{3A8C2F3C-EB5F-44AF-94C5-BD9A759AF4E3}.Release|Any CPU.Build.0 = Release|Any CPU
		{3A8C2F3C-EB5F-44AF-94C5-BD9A759AF4E3}.Release|x64.ActiveCfg = Release|Any CPU
		{3A8C2F3C-EB5F-44AF-94C5-BD9A759AF4E3}.Release|x64.Build.0 = Release|Any CPU
		{3A8C2F3C-EB5F-44AF-94C5-BD9A759AF4E3}.Release|x86.ActiveCfg = Release|Any CPU
		{3A8C2F3C-EB5F-44AF-94C5-BD9A759AF4E3}.Release|x86.Build.0 = Release|Any CPU
		{73F48AE8-BA9C-4FF1-8811-B166B06CC30B}.Debug|Any CPU.ActiveCfg = Debug|Any CPU
		{73F48AE8-BA9C-4FF1-8811-B166B06CC30B}.Debug|Any CPU.Build.0 = Debug|Any CPU
		{73F48AE8-BA9C-4FF1-8811-B166B06CC30B}.Debug|x64.ActiveCfg = Debug|Any CPU
		{73F48AE8-BA9C-4FF1-8811-B166B06CC30B}.Debug|x64.Build.0 = Debug|Any CPU
		{73F48AE8-BA9C-4FF1-8811-B166B06CC30B}.Debug|x86.ActiveCfg = Debug|Any CPU
		{73F48AE8-BA9C-4FF1-8811-B166B06CC30B}.Debug|x86.Build.0 = Debug|Any CPU
		{73F48AE8-BA9C-4FF1-8811-B166B06CC30B}.Release|Any CPU.ActiveCfg = Release|Any CPU
		{73F48AE8-BA9C-4FF1-8811-B166B06CC30B}.Release|Any CPU.Build.0 = Release|Any CPU
		{73F48AE8-BA9C-4FF1-8811-B166B06CC30B}.Release|x64.ActiveCfg = Release|Any CPU
		{73F48AE8-BA9C-4FF1-8811-B166B06CC30B}.Release|x64.Build.0 = Release|Any CPU
		{73F48AE8-BA9C-4FF1-8811-B166B06CC30B}.Release|x86.ActiveCfg = Release|Any CPU
		{73F48AE8-BA9C-4FF1-8811-B166B06CC30B}.Release|x86.Build.0 = Release|Any CPU
		{05B35D4B-B65E-4084-945B-21A5A74F480D}.Debug|Any CPU.ActiveCfg = Debug|Any CPU
		{05B35D4B-B65E-4084-945B-21A5A74F480D}.Debug|Any CPU.Build.0 = Debug|Any CPU
		{05B35D4B-B65E-4084-945B-21A5A74F480D}.Debug|x64.ActiveCfg = Debug|Any CPU
		{05B35D4B-B65E-4084-945B-21A5A74F480D}.Debug|x64.Build.0 = Debug|Any CPU
		{05B35D4B-B65E-4084-945B-21A5A74F480D}.Debug|x86.ActiveCfg = Debug|Any CPU
		{05B35D4B-B65E-4084-945B-21A5A74F480D}.Debug|x86.Build.0 = Debug|Any CPU
		{05B35D4B-B65E-4084-945B-21A5A74F480D}.Release|Any CPU.ActiveCfg = Release|Any CPU
		{05B35D4B-B65E-4084-945B-21A5A74F480D}.Release|Any CPU.Build.0 = Release|Any CPU
		{05B35D4B-B65E-4084-945B-21A5A74F480D}.Release|x64.ActiveCfg = Release|Any CPU
		{05B35D4B-B65E-4084-945B-21A5A74F480D}.Release|x64.Build.0 = Release|Any CPU
		{05B35D4B-B65E-4084-945B-21A5A74F480D}.Release|x86.ActiveCfg = Release|Any CPU
		{05B35D4B-B65E-4084-945B-21A5A74F480D}.Release|x86.Build.0 = Release|Any CPU
		{74EDE06F-1B01-4063-9C73-BA7D2E94C494}.Debug|Any CPU.ActiveCfg = Debug|Any CPU
		{74EDE06F-1B01-4063-9C73-BA7D2E94C494}.Debug|Any CPU.Build.0 = Debug|Any CPU
		{74EDE06F-1B01-4063-9C73-BA7D2E94C494}.Debug|x64.ActiveCfg = Debug|Any CPU
		{74EDE06F-1B01-4063-9C73-BA7D2E94C494}.Debug|x64.Build.0 = Debug|Any CPU
		{74EDE06F-1B01-4063-9C73-BA7D2E94C494}.Debug|x86.ActiveCfg = Debug|Any CPU
		{74EDE06F-1B01-4063-9C73-BA7D2E94C494}.Debug|x86.Build.0 = Debug|Any CPU
		{74EDE06F-1B01-4063-9C73-BA7D2E94C494}.Release|Any CPU.ActiveCfg = Release|Any CPU
		{74EDE06F-1B01-4063-9C73-BA7D2E94C494}.Release|Any CPU.Build.0 = Release|Any CPU
		{74EDE06F-1B01-4063-9C73-BA7D2E94C494}.Release|x64.ActiveCfg = Release|Any CPU
		{74EDE06F-1B01-4063-9C73-BA7D2E94C494}.Release|x64.Build.0 = Release|Any CPU
		{74EDE06F-1B01-4063-9C73-BA7D2E94C494}.Release|x86.ActiveCfg = Release|Any CPU
		{74EDE06F-1B01-4063-9C73-BA7D2E94C494}.Release|x86.Build.0 = Release|Any CPU
	EndGlobalSection
	GlobalSection(SolutionProperties) = preSolution
		HideSolutionNode = FALSE
	EndGlobalSection
	GlobalSection(ExtensibilityGlobals) = postSolution
		SolutionGuid = {7E3BB581-8443-4E74-86E1-79F3BC69FDFC}
	EndGlobalSection
EndGlobal
