
Microsoft Visual Studio Solution File, Format Version 12.00
# Visual Studio Version 16
VisualStudioVersion = 16.0.29728.190
MinimumVisualStudioVersion = 10.0.40219.1
Project("{9A19103F-16F7-4668-BE54-9A1E7A4F7556}") = "Retail.Frontend.Web", "Retail.Frontend.Web\Retail.Frontend.Web.csproj", "{BDFD123A-B6A9-4066-8108-F22864306378}"
EndProject
Global
	GlobalSection(SolutionConfigurationPlatforms) = preSolution
		Debug|Any CPU = Debug|Any CPU
		Release|Any CPU = Release|Any CPU
	EndGlobalSection
	GlobalSection(ProjectConfigurationPlatforms) = postSolution
		{BDFD123A-B6A9-4066-8108-F22864306378}.Debug|Any CPU.ActiveCfg = Debug|Any CPU
		{BDFD123A-B6A9-4066-8108-F22864306378}.Debug|Any CPU.Build.0 = Debug|Any CPU
		{BDFD123A-B6A9-4066-8108-F22864306378}.Release|Any CPU.ActiveCfg = Release|Any CPU
		{BDFD123A-B6A9-4066-8108-F22864306378}.Release|Any CPU.Build.0 = Release|Any CPU
	EndGlobalSection
	GlobalSection(SolutionProperties) = preSolution
		HideSolutionNode = FALSE
	EndGlobalSection
	GlobalSection(ExtensibilityGlobals) = postSolution
		SolutionGuid = {64AB1A7D-67DB-4B7F-B787-B4277DEA2552}
	EndGlobalSection
EndGlobal
