
Microsoft Visual Studio Solution File, Format Version 12.00
# Visual Studio Version 16
VisualStudioVersion = 16.0.29728.190
MinimumVisualStudioVersion = 10.0.40219.1
Project("{FAE04EC0-301F-11D3-BF4B-00C04F79EFBC}") = "Retail.Billing.Host", "Retail.Billing.Host\Retail.Billing.Host.csproj", "{C11E7D53-4967-49BC-973D-235E76BF406A}"
EndProject
Global
	GlobalSection(SolutionConfigurationPlatforms) = preSolution
		Debug|Any CPU = Debug|Any CPU
		Release|Any CPU = Release|Any CPU
	EndGlobalSection
	GlobalSection(ProjectConfigurationPlatforms) = postSolution
		{C11E7D53-4967-49BC-973D-235E76BF406A}.Debug|Any CPU.ActiveCfg = Debug|Any CPU
		{C11E7D53-4967-49BC-973D-235E76BF406A}.Debug|Any CPU.Build.0 = Debug|Any CPU
		{C11E7D53-4967-49BC-973D-235E76BF406A}.Release|Any CPU.ActiveCfg = Release|Any CPU
		{C11E7D53-4967-49BC-973D-235E76BF406A}.Release|Any CPU.Build.0 = Release|Any CPU
	EndGlobalSection
	GlobalSection(SolutionProperties) = preSolution
		HideSolutionNode = FALSE
	EndGlobalSection
	GlobalSection(ExtensibilityGlobals) = postSolution
		SolutionGuid = {88890CAD-4371-4A92-9828-0ECDB81982C9}
	EndGlobalSection
EndGlobal
